
Microsoft Visual Studio Solution File, Format Version 12.00
# Visual Studio 15
VisualStudioVersion = 15.0.27703.2000
MinimumVisualStudioVersion = 10.0.40219.1
Project("{FAE04EC0-301F-11D3-BF4B-00C04F79EFBC}") = "xunit2.should", "xunit2.should\xunit2.should.csproj", "{3E664C1E-6CDE-4AE9-ABD8-D61011949A79}"
EndProject
Project("{FAE04EC0-301F-11D3-BF4B-00C04F79EFBC}") = "xunit2.should.test", "xunit2.should.test\xunit2.should.test.csproj", "{7A91543F-B8BF-44DE-84DE-65BD7720BCE2}"
EndProject
Global
	GlobalSection(SolutionConfigurationPlatforms) = preSolution
		Debug|Any CPU = Debug|Any CPU
		Release|Any CPU = Release|Any CPU
	EndGlobalSection
	GlobalSection(ProjectConfigurationPlatforms) = postSolution
		{3E664C1E-6CDE-4AE9-ABD8-D61011949A79}.Debug|Any CPU.ActiveCfg = Debug|Any CPU
		{3E664C1E-6CDE-4AE9-ABD8-D61011949A79}.Debug|Any CPU.Build.0 = Debug|Any CPU
		{3E664C1E-6CDE-4AE9-ABD8-D61011949A79}.Release|Any CPU.ActiveCfg = Release|Any CPU
		{3E664C1E-6CDE-4AE9-ABD8-D61011949A79}.Release|Any CPU.Build.0 = Release|Any CPU
		{7A91543F-B8BF-44DE-84DE-65BD7720BCE2}.Debug|Any CPU.ActiveCfg = Debug|Any CPU
		{7A91543F-B8BF-44DE-84DE-65BD7720BCE2}.Debug|Any CPU.Build.0 = Debug|Any CPU
		{7A91543F-B8BF-44DE-84DE-65BD7720BCE2}.Release|Any CPU.ActiveCfg = Release|Any CPU
		{7A91543F-B8BF-44DE-84DE-65BD7720BCE2}.Release|Any CPU.Build.0 = Release|Any CPU
	EndGlobalSection
	GlobalSection(SolutionProperties) = preSolution
		HideSolutionNode = FALSE
	EndGlobalSection
	GlobalSection(ExtensibilityGlobals) = postSolution
		SolutionGuid = {F414BAF3-3CF2-4F91-81FB-3E8F684A773E}
	EndGlobalSection
EndGlobal
